
Microsoft Visual Studio Solution File, Format Version 12.00
# Visual Studio 15
VisualStudioVersion = 15.0.27130.2010
MinimumVisualStudioVersion = 10.0.40219.1
Project("{888888A0-9F3D-457C-B088-3A5042F75D52}") = "WordPlaying", "WordPlaying\WordPlaying.pyproj", "{2DBD26D2-B3A2-4D42-8DBE-BE8B4D547646}"
EndProject
Global
	GlobalSection(SolutionConfigurationPlatforms) = preSolution
		Debug|Any CPU = Debug|Any CPU
		Release|Any CPU = Release|Any CPU
	EndGlobalSection
	GlobalSection(ProjectConfigurationPlatforms) = postSolution
		{2DBD26D2-B3A2-4D42-8DBE-BE8B4D547646}.Debug|Any CPU.ActiveCfg = Debug|Any CPU
		{2DBD26D2-B3A2-4D42-8DBE-BE8B4D547646}.Release|Any CPU.ActiveCfg = Release|Any CPU
	EndGlobalSection
	GlobalSection(SolutionProperties) = preSolution
		HideSolutionNode = FALSE
	EndGlobalSection
	GlobalSection(ExtensibilityGlobals) = postSolution
		SolutionGuid = {999762D7-6826-4FE3-A3AA-0B6D324F0B95}
	EndGlobalSection
EndGlobal
