
Microsoft Visual Studio Solution File, Format Version 12.00
# Visual Studio 15
VisualStudioVersion = 15.0.27130.2010
MinimumVisualStudioVersion = 10.0.40219.1
Project("{8BC9CEB8-8B4A-11D0-8D11-00A0C91BC942}") = "MFCApplicationMultipleDocs", "MFCApplicationMultipleDocs\MFCApplicationMultipleDocs.vcxproj", "{A84DF3B4-6623-4376-B400-404468E0CE68}"
EndProject
Global
	GlobalSection(SolutionConfigurationPlatforms) = preSolution
		Debug|x64 = Debug|x64
		Debug|x86 = Debug|x86
		Release|x64 = Release|x64
		Release|x86 = Release|x86
	EndGlobalSection
	GlobalSection(ProjectConfigurationPlatforms) = postSolution
		{A84DF3B4-6623-4376-B400-404468E0CE68}.Debug|x64.ActiveCfg = Debug|x64
		{A84DF3B4-6623-4376-B400-404468E0CE68}.Debug|x64.Build.0 = Debug|x64
		{A84DF3B4-6623-4376-B400-404468E0CE68}.Debug|x86.ActiveCfg = Debug|Win32
		{A84DF3B4-6623-4376-B400-404468E0CE68}.Debug|x86.Build.0 = Debug|Win32
		{A84DF3B4-6623-4376-B400-404468E0CE68}.Release|x64.ActiveCfg = Release|x64
		{A84DF3B4-6623-4376-B400-404468E0CE68}.Release|x64.Build.0 = Release|x64
		{A84DF3B4-6623-4376-B400-404468E0CE68}.Release|x86.ActiveCfg = Release|Win32
		{A84DF3B4-6623-4376-B400-404468E0CE68}.Release|x86.Build.0 = Release|Win32
	EndGlobalSection
	GlobalSection(SolutionProperties) = preSolution
		HideSolutionNode = FALSE
	EndGlobalSection
	GlobalSection(ExtensibilityGlobals) = postSolution
		SolutionGuid = {0A9B2EB4-33A2-4CFF-93F1-F9DF690F148A}
	EndGlobalSection
EndGlobal
